// !$*UTF8*$!
{
	archiveVersion = 1;
	classes = {
	};
	objectVersion = 51;
	objects = {

/* Begin PBXBuildFile section */
		09532CD123BDCEAC00AE0E73 /* DLLoginViewController.swift in Sources */ = {isa = PBXBuildFile; fileRef = 09532CCF23BDCEAC00AE0E73 /* DLLoginViewController.swift */; };
		09532CD223BDCEAC00AE0E73 /* DLLoginViewController.xib in Resources */ = {isa = PBXBuildFile; fileRef = 09532CD023BDCEAC00AE0E73 /* DLLoginViewController.xib */; };
		09532CD823BDFAFA00AE0E73 /* UIKit+Extension.swift in Sources */ = {isa = PBXBuildFile; fileRef = 09532CD723BDFAFA00AE0E73 /* UIKit+Extension.swift */; };
		0954083D241397DB0056EB1D /* DLTaskImortantListViewController.swift in Sources */ = {isa = PBXBuildFile; fileRef = 0954083C241397DB0056EB1D /* DLTaskImortantListViewController.swift */; };
		0954083F2418D5CA0056EB1D /* DLPresentNavigationViewController.swift in Sources */ = {isa = PBXBuildFile; fileRef = 0954083E2418D5CA0056EB1D /* DLPresentNavigationViewController.swift */; };
		095B6ADC242323E000CA22EF /* DLTaskGroupNavigationBar.swift in Sources */ = {isa = PBXBuildFile; fileRef = 095B6ADB242323E000CA22EF /* DLTaskGroupNavigationBar.swift */; };
		095B6ADE2423377900CA22EF /* DLUserSettingViewController.swift in Sources */ = {isa = PBXBuildFile; fileRef = 095B6ADD2423377900CA22EF /* DLUserSettingViewController.swift */; };
		095E0AF92424B46600B3BC87 /* DLUserSettingHeader.swift in Sources */ = {isa = PBXBuildFile; fileRef = 095E0AF82424B46600B3BC87 /* DLUserSettingHeader.swift */; };
		095E0AFB2424B4D700B3BC87 /* DLUserSettingHeader.xib in Resources */ = {isa = PBXBuildFile; fileRef = 095E0AFA2424B4D700B3BC87 /* DLUserSettingHeader.xib */; };
		095E0AFD2424CB6900B3BC87 /* DLUserSettingCell.swift in Sources */ = {isa = PBXBuildFile; fileRef = 095E0AFC2424CB6900B3BC87 /* DLUserSettingCell.swift */; };
		095E0AFF242C5CFA00B3BC87 /* DLUploaderManager.swift in Sources */ = {isa = PBXBuildFile; fileRef = 095E0AFE242C5CFA00B3BC87 /* DLUploaderManager.swift */; };
		095E0B01243C6BFB00B3BC87 /* DLContactUsViewController.swift in Sources */ = {isa = PBXBuildFile; fileRef = 095E0B00243C6BFB00B3BC87 /* DLContactUsViewController.swift */; };
		095E0B03243C8A9200B3BC87 /* DLAboutViewController.swift in Sources */ = {isa = PBXBuildFile; fileRef = 095E0B02243C8A9200B3BC87 /* DLAboutViewController.swift */; };
		095E0B05243C9B6500B3BC87 /* Launch Screen.storyboard in Resources */ = {isa = PBXBuildFile; fileRef = 095E0B04243C9B6500B3BC87 /* Launch Screen.storyboard */; };
		096A1A1F2445A61300141167 /* DLTaskBaseCell.swift in Sources */ = {isa = PBXBuildFile; fileRef = 096A1A1E2445A61300141167 /* DLTaskBaseCell.swift */; };
		096A1A212447180E00141167 /* DLTaskNoteViewController.swift in Sources */ = {isa = PBXBuildFile; fileRef = 096A1A202447180E00141167 /* DLTaskNoteViewController.swift */; };
		09804F8723FA762100559862 /* RSHttpConfig.swift in Sources */ = {isa = PBXBuildFile; fileRef = 09804F6C23FA762100559862 /* RSHttpConfig.swift */; };
		09804F8823FA762100559862 /* RSResult.swift in Sources */ = {isa = PBXBuildFile; fileRef = 09804F6D23FA762100559862 /* RSResult.swift */; };
		09804F8B23FA762100559862 /* RSHttpError.swift in Sources */ = {isa = PBXBuildFile; fileRef = 09804F7123FA762100559862 /* RSHttpError.swift */; };
		09804F8C23FA762100559862 /* RSSessionManager.swift in Sources */ = {isa = PBXBuildFile; fileRef = 09804F7223FA762100559862 /* RSSessionManager.swift */; };
		09804F8D23FA762100559862 /* RSResponese.swift in Sources */ = {isa = PBXBuildFile; fileRef = 09804F7323FA762100559862 /* RSResponese.swift */; };
		09804F9B23FA762100559862 /* RSRequestUser.swift in Sources */ = {isa = PBXBuildFile; fileRef = 09804F8223FA762100559862 /* RSRequestUser.swift */; };
		09804F9E23FA762100559862 /* RSHttpOptions.swift in Sources */ = {isa = PBXBuildFile; fileRef = 09804F8523FA762100559862 /* RSHttpOptions.swift */; };
		09804F9F23FA762100559862 /* RSHTTPRequestProtocol.swift in Sources */ = {isa = PBXBuildFile; fileRef = 09804F8623FA762100559862 /* RSHTTPRequestProtocol.swift */; };
		09804FA223FA772700559862 /* AppConstants.swift in Sources */ = {isa = PBXBuildFile; fileRef = 09804FA123FA772700559862 /* AppConstants.swift */; };
		09804FA423FA787600559862 /* User.swift in Sources */ = {isa = PBXBuildFile; fileRef = 09804FA323FA787600559862 /* User.swift */; };
		09804FA623FA971A00559862 /* DLUserManager.swift in Sources */ = {isa = PBXBuildFile; fileRef = 09804FA523FA971A00559862 /* DLUserManager.swift */; };
		09804FA823FA985200559862 /* DLUtil.swift in Sources */ = {isa = PBXBuildFile; fileRef = 09804FA723FA985200559862 /* DLUtil.swift */; };
		09804FAB23FCFBA200559862 /* DLTaskGroupViewController.swift in Sources */ = {isa = PBXBuildFile; fileRef = 09804FAA23FCFBA200559862 /* DLTaskGroupViewController.swift */; };
		09804FB323FCFDF100559862 /* DLTaskGroupCell.swift in Sources */ = {isa = PBXBuildFile; fileRef = 09804FB123FCFDF100559862 /* DLTaskGroupCell.swift */; };
		09804FB423FCFDF100559862 /* DLTaskGroupCell.xib in Resources */ = {isa = PBXBuildFile; fileRef = 09804FB223FCFDF100559862 /* DLTaskGroupCell.xib */; };
		09804FB623FCFEAC00559862 /* Task.swift in Sources */ = {isa = PBXBuildFile; fileRef = 09804FB523FCFEAC00559862 /* Task.swift */; };
		09804FB823FCFED200559862 /* TaskGroup.swift in Sources */ = {isa = PBXBuildFile; fileRef = 09804FB723FCFED200559862 /* TaskGroup.swift */; };
		09804FBA23FCFF4900559862 /* RSBaseRequest.swift in Sources */ = {isa = PBXBuildFile; fileRef = 09804FB923FCFF4900559862 /* RSBaseRequest.swift */; };
		09804FBC23FD002800559862 /* RSRequestTaskGroup.swift in Sources */ = {isa = PBXBuildFile; fileRef = 09804FBB23FD002800559862 /* RSRequestTaskGroup.swift */; };
		09804FBF23FD038900559862 /* DLTaskManager.swift in Sources */ = {isa = PBXBuildFile; fileRef = 09804FBE23FD038900559862 /* DLTaskManager.swift */; };
		0983FA6F24B66974003DD93A /* Notification+Extension.swift in Sources */ = {isa = PBXBuildFile; fileRef = 0983FA6E24B66974003DD93A /* Notification+Extension.swift */; };
		09901356235780B100285128 /* DLTabbarViewController.swift in Sources */ = {isa = PBXBuildFile; fileRef = 09901355235780B100285128 /* DLTabbarViewController.swift */; };
		0990135E2357810E00285128 /* DLCircleHomeViewController.swift in Sources */ = {isa = PBXBuildFile; fileRef = 0990135D2357810E00285128 /* DLCircleHomeViewController.swift */; };
		09901361235782B400285128 /* DLTODOListHomeViewController.swift in Sources */ = {isa = PBXBuildFile; fileRef = 09901360235782B400285128 /* DLTODOListHomeViewController.swift */; };
		09901363235782F600285128 /* DLNavigationController.swift in Sources */ = {isa = PBXBuildFile; fileRef = 09901362235782F600285128 /* DLNavigationController.swift */; };
		09A17F1D23FD373A00EE199B /* DLTaskAddViewController.swift in Sources */ = {isa = PBXBuildFile; fileRef = 09A17F1B23FD373A00EE199B /* DLTaskAddViewController.swift */; };
		09A17F1E23FD373A00EE199B /* DLTaskAddViewController.xib in Resources */ = {isa = PBXBuildFile; fileRef = 09A17F1C23FD373A00EE199B /* DLTaskAddViewController.xib */; };
		09A17F2023FD3C8C00EE199B /* CustomPresentationController.swift in Sources */ = {isa = PBXBuildFile; fileRef = 09A17F1F23FD3C8C00EE199B /* CustomPresentationController.swift */; };
		09A8039523FD71A400F81D89 /* RSRequestTask.swift in Sources */ = {isa = PBXBuildFile; fileRef = 09A8039423FD71A400F81D89 /* RSRequestTask.swift */; };
		09A8039723FD7D1D00F81D89 /* DLTaskListViewController.swift in Sources */ = {isa = PBXBuildFile; fileRef = 09A8039623FD7D1D00F81D89 /* DLTaskListViewController.swift */; };
		09A8039B23FD7FE800F81D89 /* DLTaskCell.swift in Sources */ = {isa = PBXBuildFile; fileRef = 09A8039923FD7FE800F81D89 /* DLTaskCell.swift */; };
		09A8039C23FD7FE800F81D89 /* DLTaskCell.xib in Resources */ = {isa = PBXBuildFile; fileRef = 09A8039A23FD7FE800F81D89 /* DLTaskCell.xib */; };
		09A8039E23FE4E0500F81D89 /* DLTaskAddHeaderView.swift in Sources */ = {isa = PBXBuildFile; fileRef = 09A8039D23FE4E0500F81D89 /* DLTaskAddHeaderView.swift */; };
		09A803A023FE4E0E00F81D89 /* DLTaskAddHeaderView.xib in Resources */ = {isa = PBXBuildFile; fileRef = 09A8039F23FE4E0E00F81D89 /* DLTaskAddHeaderView.xib */; };
		09A803A223FE618800F81D89 /* DLTaskCompletedDivisionHeaderView.swift in Sources */ = {isa = PBXBuildFile; fileRef = 09A803A123FE618800F81D89 /* DLTaskCompletedDivisionHeaderView.swift */; };
		09C67DE02404EFCD00A76DAB /* DLTaskNoteCell.swift in Sources */ = {isa = PBXBuildFile; fileRef = 09C67DDF2404EFCD00A76DAB /* DLTaskNoteCell.swift */; };
		09C67DE22404F34A00A76DAB /* RSTextView.swift in Sources */ = {isa = PBXBuildFile; fileRef = 09C67DE12404F34A00A76DAB /* RSTextView.swift */; };
		09C67DE4240524A100A76DAB /* DLTaskDueDateCell.swift in Sources */ = {isa = PBXBuildFile; fileRef = 09C67DE3240524A100A76DAB /* DLTaskDueDateCell.swift */; };
		09C67DE7240526FD00A76DAB /* DLTaskTimeSelectViewController.swift in Sources */ = {isa = PBXBuildFile; fileRef = 09C67DE6240526FD00A76DAB /* DLTaskTimeSelectViewController.swift */; };
		09C67DE92407573700A76DAB /* DLTaskContactCell.swift in Sources */ = {isa = PBXBuildFile; fileRef = 09C67DE82407573700A76DAB /* DLTaskContactCell.swift */; };
		09C67DEB24075BC000A76DAB /* DLTaskRemindRepeatCell.swift in Sources */ = {isa = PBXBuildFile; fileRef = 09C67DEA24075BC000A76DAB /* DLTaskRemindRepeatCell.swift */; };
		09C67DED24075BED00A76DAB /* DLTaskContactSettingViewController.swift in Sources */ = {isa = PBXBuildFile; fileRef = 09C67DEC24075BED00A76DAB /* DLTaskContactSettingViewController.swift */; };
		09DC869E23FE878A0013B012 /* DLTaskDetailViewController.swift in Sources */ = {isa = PBXBuildFile; fileRef = 09DC869D23FE878A0013B012 /* DLTaskDetailViewController.swift */; };
		09F50B4123576D4C006201E0 /* AppDelegate.swift in Sources */ = {isa = PBXBuildFile; fileRef = 09F50B4023576D4C006201E0 /* AppDelegate.swift */; };
		09F50B4823576D4C006201E0 /* Assets.xcassets in Resources */ = {isa = PBXBuildFile; fileRef = 09F50B4723576D4C006201E0 /* Assets.xcassets */; };
		59BFA9CC605C3FBCF20A775A /* Pods_DelayList.framework in Frameworks */ = {isa = PBXBuildFile; fileRef = D3AD9932313F8A41C901CB38 /* Pods_DelayList.framework */; };
/* End PBXBuildFile section */

/* Begin PBXFileReference section */
		07BFD924D1717D77EA036B71 /* Pods-DelayList.release.xcconfig */ = {isa = PBXFileReference; includeInIndex = 1; lastKnownFileType = text.xcconfig; name = "Pods-DelayList.release.xcconfig"; path = "Target Support Files/Pods-DelayList/Pods-DelayList.release.xcconfig"; sourceTree = "<group>"; };
		09532CCF23BDCEAC00AE0E73 /* DLLoginViewController.swift */ = {isa = PBXFileReference; lastKnownFileType = sourcecode.swift; path = DLLoginViewController.swift; sourceTree = "<group>"; };
		09532CD023BDCEAC00AE0E73 /* DLLoginViewController.xib */ = {isa = PBXFileReference; lastKnownFileType = file.xib; path = DLLoginViewController.xib; sourceTree = "<group>"; };
		09532CD723BDFAFA00AE0E73 /* UIKit+Extension.swift */ = {isa = PBXFileReference; lastKnownFileType = sourcecode.swift; path = "UIKit+Extension.swift"; sourceTree = "<group>"; };
		0954083C241397DB0056EB1D /* DLTaskImortantListViewController.swift */ = {isa = PBXFileReference; lastKnownFileType = sourcecode.swift; path = DLTaskImortantListViewController.swift; sourceTree = "<group>"; };
		0954083E2418D5CA0056EB1D /* DLPresentNavigationViewController.swift */ = {isa = PBXFileReference; lastKnownFileType = sourcecode.swift; path = DLPresentNavigationViewController.swift; sourceTree = "<group>"; };
		095B6ADB242323E000CA22EF /* DLTaskGroupNavigationBar.swift */ = {isa = PBXFileReference; lastKnownFileType = sourcecode.swift; path = DLTaskGroupNavigationBar.swift; sourceTree = "<group>"; };
		095B6ADD2423377900CA22EF /* DLUserSettingViewController.swift */ = {isa = PBXFileReference; lastKnownFileType = sourcecode.swift; path = DLUserSettingViewController.swift; sourceTree = "<group>"; };
		095E0AF82424B46600B3BC87 /* DLUserSettingHeader.swift */ = {isa = PBXFileReference; lastKnownFileType = sourcecode.swift; path = DLUserSettingHeader.swift; sourceTree = "<group>"; };
		095E0AFA2424B4D700B3BC87 /* DLUserSettingHeader.xib */ = {isa = PBXFileReference; lastKnownFileType = file.xib; path = DLUserSettingHeader.xib; sourceTree = "<group>"; };
		095E0AFC2424CB6900B3BC87 /* DLUserSettingCell.swift */ = {isa = PBXFileReference; lastKnownFileType = sourcecode.swift; path = DLUserSettingCell.swift; sourceTree = "<group>"; };
		095E0AFE242C5CFA00B3BC87 /* DLUploaderManager.swift */ = {isa = PBXFileReference; lastKnownFileType = sourcecode.swift; path = DLUploaderManager.swift; sourceTree = "<group>"; };
		095E0B00243C6BFB00B3BC87 /* DLContactUsViewController.swift */ = {isa = PBXFileReference; lastKnownFileType = sourcecode.swift; path = DLContactUsViewController.swift; sourceTree = "<group>"; };
		095E0B02243C8A9200B3BC87 /* DLAboutViewController.swift */ = {isa = PBXFileReference; lastKnownFileType = sourcecode.swift; path = DLAboutViewController.swift; sourceTree = "<group>"; };
		095E0B04243C9B6500B3BC87 /* Launch Screen.storyboard */ = {isa = PBXFileReference; lastKnownFileType = file.storyboard; path = "Launch Screen.storyboard"; sourceTree = "<group>"; };
		096A1A1E2445A61300141167 /* DLTaskBaseCell.swift */ = {isa = PBXFileReference; lastKnownFileType = sourcecode.swift; path = DLTaskBaseCell.swift; sourceTree = "<group>"; };
		096A1A202447180E00141167 /* DLTaskNoteViewController.swift */ = {isa = PBXFileReference; lastKnownFileType = sourcecode.swift; path = DLTaskNoteViewController.swift; sourceTree = "<group>"; };
		09804F6C23FA762100559862 /* RSHttpConfig.swift */ = {isa = PBXFileReference; fileEncoding = 4; lastKnownFileType = sourcecode.swift; path = RSHttpConfig.swift; sourceTree = "<group>"; };
		09804F6D23FA762100559862 /* RSResult.swift */ = {isa = PBXFileReference; fileEncoding = 4; lastKnownFileType = sourcecode.swift; path = RSResult.swift; sourceTree = "<group>"; };
		09804F7123FA762100559862 /* RSHttpError.swift */ = {isa = PBXFileReference; fileEncoding = 4; lastKnownFileType = sourcecode.swift; path = RSHttpError.swift; sourceTree = "<group>"; };
		09804F7223FA762100559862 /* RSSessionManager.swift */ = {isa = PBXFileReference; fileEncoding = 4; lastKnownFileType = sourcecode.swift; path = RSSessionManager.swift; sourceTree = "<group>"; };
		09804F7323FA762100559862 /* RSResponese.swift */ = {isa = PBXFileReference; fileEncoding = 4; lastKnownFileType = sourcecode.swift; path = RSResponese.swift; sourceTree = "<group>"; };
		09804F8223FA762100559862 /* RSRequestUser.swift */ = {isa = PBXFileReference; fileEncoding = 4; lastKnownFileType = sourcecode.swift; path = RSRequestUser.swift; sourceTree = "<group>"; };
		09804F8523FA762100559862 /* RSHttpOptions.swift */ = {isa = PBXFileReference; fileEncoding = 4; lastKnownFileType = sourcecode.swift; path = RSHttpOptions.swift; sourceTree = "<group>"; };
		09804F8623FA762100559862 /* RSHTTPRequestProtocol.swift */ = {isa = PBXFileReference; fileEncoding = 4; lastKnownFileType = sourcecode.swift; path = RSHTTPRequestProtocol.swift; sourceTree = "<group>"; };
		09804FA123FA772700559862 /* AppConstants.swift */ = {isa = PBXFileReference; lastKnownFileType = sourcecode.swift; path = AppConstants.swift; sourceTree = "<group>"; };
		09804FA323FA787600559862 /* User.swift */ = {isa = PBXFileReference; lastKnownFileType = sourcecode.swift; path = User.swift; sourceTree = "<group>"; };
		09804FA523FA971A00559862 /* DLUserManager.swift */ = {isa = PBXFileReference; lastKnownFileType = sourcecode.swift; path = DLUserManager.swift; sourceTree = "<group>"; };
		09804FA723FA985200559862 /* DLUtil.swift */ = {isa = PBXFileReference; lastKnownFileType = sourcecode.swift; path = DLUtil.swift; sourceTree = "<group>"; };
		09804FAA23FCFBA200559862 /* DLTaskGroupViewController.swift */ = {isa = PBXFileReference; lastKnownFileType = sourcecode.swift; path = DLTaskGroupViewController.swift; sourceTree = "<group>"; };
		09804FB123FCFDF100559862 /* DLTaskGroupCell.swift */ = {isa = PBXFileReference; lastKnownFileType = sourcecode.swift; path = DLTaskGroupCell.swift; sourceTree = "<group>"; };
		09804FB223FCFDF100559862 /* DLTaskGroupCell.xib */ = {isa = PBXFileReference; lastKnownFileType = file.xib; path = DLTaskGroupCell.xib; sourceTree = "<group>"; };
		09804FB523FCFEAC00559862 /* Task.swift */ = {isa = PBXFileReference; lastKnownFileType = sourcecode.swift; path = Task.swift; sourceTree = "<group>"; };
		09804FB723FCFED200559862 /* TaskGroup.swift */ = {isa = PBXFileReference; lastKnownFileType = sourcecode.swift; path = TaskGroup.swift; sourceTree = "<group>"; };
		09804FB923FCFF4900559862 /* RSBaseRequest.swift */ = {isa = PBXFileReference; lastKnownFileType = sourcecode.swift; path = RSBaseRequest.swift; sourceTree = "<group>"; };
		09804FBB23FD002800559862 /* RSRequestTaskGroup.swift */ = {isa = PBXFileReference; lastKnownFileType = sourcecode.swift; path = RSRequestTaskGroup.swift; sourceTree = "<group>"; };
		09804FBE23FD038900559862 /* DLTaskManager.swift */ = {isa = PBXFileReference; lastKnownFileType = sourcecode.swift; path = DLTaskManager.swift; sourceTree = "<group>"; };
		0983FA6E24B66974003DD93A /* Notification+Extension.swift */ = {isa = PBXFileReference; fileEncoding = 4; lastKnownFileType = sourcecode.swift; path = "Notification+Extension.swift"; sourceTree = "<group>"; };
		09901355235780B100285128 /* DLTabbarViewController.swift */ = {isa = PBXFileReference; lastKnownFileType = sourcecode.swift; path = DLTabbarViewController.swift; sourceTree = "<group>"; };
		0990135D2357810E00285128 /* DLCircleHomeViewController.swift */ = {isa = PBXFileReference; lastKnownFileType = sourcecode.swift; path = DLCircleHomeViewController.swift; sourceTree = "<group>"; };
		09901360235782B400285128 /* DLTODOListHomeViewController.swift */ = {isa = PBXFileReference; lastKnownFileType = sourcecode.swift; path = DLTODOListHomeViewController.swift; sourceTree = "<group>"; };
		09901362235782F600285128 /* DLNavigationController.swift */ = {isa = PBXFileReference; lastKnownFileType = sourcecode.swift; path = DLNavigationController.swift; sourceTree = "<group>"; };
		09A17F1B23FD373A00EE199B /* DLTaskAddViewController.swift */ = {isa = PBXFileReference; lastKnownFileType = sourcecode.swift; path = DLTaskAddViewController.swift; sourceTree = "<group>"; };
		09A17F1C23FD373A00EE199B /* DLTaskAddViewController.xib */ = {isa = PBXFileReference; lastKnownFileType = file.xib; path = DLTaskAddViewController.xib; sourceTree = "<group>"; };
		09A17F1F23FD3C8C00EE199B /* CustomPresentationController.swift */ = {isa = PBXFileReference; fileEncoding = 4; lastKnownFileType = sourcecode.swift; path = CustomPresentationController.swift; sourceTree = "<group>"; };
		09A8039423FD71A400F81D89 /* RSRequestTask.swift */ = {isa = PBXFileReference; lastKnownFileType = sourcecode.swift; path = RSRequestTask.swift; sourceTree = "<group>"; };
		09A8039623FD7D1D00F81D89 /* DLTaskListViewController.swift */ = {isa = PBXFileReference; lastKnownFileType = sourcecode.swift; path = DLTaskListViewController.swift; sourceTree = "<group>"; };
		09A8039923FD7FE800F81D89 /* DLTaskCell.swift */ = {isa = PBXFileReference; lastKnownFileType = sourcecode.swift; path = DLTaskCell.swift; sourceTree = "<group>"; };
		09A8039A23FD7FE800F81D89 /* DLTaskCell.xib */ = {isa = PBXFileReference; lastKnownFileType = file.xib; path = DLTaskCell.xib; sourceTree = "<group>"; };
		09A8039D23FE4E0500F81D89 /* DLTaskAddHeaderView.swift */ = {isa = PBXFileReference; lastKnownFileType = sourcecode.swift; path = DLTaskAddHeaderView.swift; sourceTree = "<group>"; };
		09A8039F23FE4E0E00F81D89 /* DLTaskAddHeaderView.xib */ = {isa = PBXFileReference; lastKnownFileType = file.xib; path = DLTaskAddHeaderView.xib; sourceTree = "<group>"; };
		09A803A123FE618800F81D89 /* DLTaskCompletedDivisionHeaderView.swift */ = {isa = PBXFileReference; lastKnownFileType = sourcecode.swift; path = DLTaskCompletedDivisionHeaderView.swift; sourceTree = "<group>"; };
		09C67DDA24039B4800A76DAB /* DelayList.entitlements */ = {isa = PBXFileReference; lastKnownFileType = text.plist.entitlements; path = DelayList.entitlements; sourceTree = "<group>"; };
		09C67DDB2403B06600A76DAB /* DelayList-Bridging-Header.h */ = {isa = PBXFileReference; lastKnownFileType = sourcecode.c.h; path = "DelayList-Bridging-Header.h"; sourceTree = "<group>"; };
		09C67DDF2404EFCD00A76DAB /* DLTaskNoteCell.swift */ = {isa = PBXFileReference; lastKnownFileType = sourcecode.swift; path = DLTaskNoteCell.swift; sourceTree = "<group>"; };
		09C67DE12404F34A00A76DAB /* RSTextView.swift */ = {isa = PBXFileReference; lastKnownFileType = sourcecode.swift; path = RSTextView.swift; sourceTree = "<group>"; };
		09C67DE3240524A100A76DAB /* DLTaskDueDateCell.swift */ = {isa = PBXFileReference; lastKnownFileType = sourcecode.swift; path = DLTaskDueDateCell.swift; sourceTree = "<group>"; };
		09C67DE6240526FD00A76DAB /* DLTaskTimeSelectViewController.swift */ = {isa = PBXFileReference; lastKnownFileType = sourcecode.swift; path = DLTaskTimeSelectViewController.swift; sourceTree = "<group>"; };
		09C67DE82407573700A76DAB /* DLTaskContactCell.swift */ = {isa = PBXFileReference; fileEncoding = 4; lastKnownFileType = sourcecode.swift; path = DLTaskContactCell.swift; sourceTree = "<group>"; };
		09C67DEA24075BC000A76DAB /* DLTaskRemindRepeatCell.swift */ = {isa = PBXFileReference; lastKnownFileType = sourcecode.swift; path = DLTaskRemindRepeatCell.swift; sourceTree = "<group>"; };
		09C67DEC24075BED00A76DAB /* DLTaskContactSettingViewController.swift */ = {isa = PBXFileReference; lastKnownFileType = sourcecode.swift; path = DLTaskContactSettingViewController.swift; sourceTree = "<group>"; };
		09DC869D23FE878A0013B012 /* DLTaskDetailViewController.swift */ = {isa = PBXFileReference; lastKnownFileType = sourcecode.swift; path = DLTaskDetailViewController.swift; sourceTree = "<group>"; };
		09F50B3D23576D4C006201E0 /* DelayList.app */ = {isa = PBXFileReference; explicitFileType = wrapper.application; includeInIndex = 0; path = DelayList.app; sourceTree = BUILT_PRODUCTS_DIR; };
		09F50B4023576D4C006201E0 /* AppDelegate.swift */ = {isa = PBXFileReference; lastKnownFileType = sourcecode.swift; path = AppDelegate.swift; sourceTree = "<group>"; };
		09F50B4723576D4C006201E0 /* Assets.xcassets */ = {isa = PBXFileReference; lastKnownFileType = folder.assetcatalog; path = Assets.xcassets; sourceTree = "<group>"; };
		09F50B4C23576D4C006201E0 /* Info.plist */ = {isa = PBXFileReference; lastKnownFileType = text.plist.xml; path = Info.plist; sourceTree = "<group>"; };
		5D8760ADD06D3283CF5238A2 /* Pods-LazyList.release.xcconfig */ = {isa = PBXFileReference; includeInIndex = 1; lastKnownFileType = text.xcconfig; name = "Pods-LazyList.release.xcconfig"; path = "Target Support Files/Pods-LazyList/Pods-LazyList.release.xcconfig"; sourceTree = "<group>"; };
		9178A5803C175A378E26B7C7 /* Pods-LazyList.debug.xcconfig */ = {isa = PBXFileReference; includeInIndex = 1; lastKnownFileType = text.xcconfig; name = "Pods-LazyList.debug.xcconfig"; path = "Target Support Files/Pods-LazyList/Pods-LazyList.debug.xcconfig"; sourceTree = "<group>"; };
		BE92B67FBD17AC4CE427F673 /* Pods-DelayList.debug.xcconfig */ = {isa = PBXFileReference; includeInIndex = 1; lastKnownFileType = text.xcconfig; name = "Pods-DelayList.debug.xcconfig"; path = "Target Support Files/Pods-DelayList/Pods-DelayList.debug.xcconfig"; sourceTree = "<group>"; };
		D3AD9932313F8A41C901CB38 /* Pods_DelayList.framework */ = {isa = PBXFileReference; explicitFileType = wrapper.framework; includeInIndex = 0; path = Pods_DelayList.framework; sourceTree = BUILT_PRODUCTS_DIR; };
/* End PBXFileReference section */

/* Begin PBXFrameworksBuildPhase section */
		09F50B3A23576D4B006201E0 /* Frameworks */ = {
			isa = PBXFrameworksBuildPhase;
			buildActionMask = 2147483647;
			files = (
				59BFA9CC605C3FBCF20A775A /* Pods_DelayList.framework in Frameworks */,
			);
			runOnlyForDeploymentPostprocessing = 0;
		};
/* End PBXFrameworksBuildPhase section */

/* Begin PBXGroup section */
		09532CCD23BDCE7400AE0E73 /* Login */ = {
			isa = PBXGroup;
			children = (
				09532CCF23BDCEAC00AE0E73 /* DLLoginViewController.swift */,
				09532CD023BDCEAC00AE0E73 /* DLLoginViewController.xib */,
			);
			path = Login;
			sourceTree = "<group>";
		};
		09532CD623BDFADE00AE0E73 /* Extension */ = {
			isa = PBXGroup;
			children = (
				0983FA6E24B66974003DD93A /* Notification+Extension.swift */,
				09532CD723BDFAFA00AE0E73 /* UIKit+Extension.swift */,
			);
			path = Extension;
			sourceTree = "<group>";
		};
		095B6ADF2423380000CA22EF /* Setting */ = {
			isa = PBXGroup;
			children = (
				095E0AF72424B44D00B3BC87 /* View */,
				095B6ADD2423377900CA22EF /* DLUserSettingViewController.swift */,
				095E0B00243C6BFB00B3BC87 /* DLContactUsViewController.swift */,
				095E0B02243C8A9200B3BC87 /* DLAboutViewController.swift */,
			);
			path = Setting;
			sourceTree = "<group>";
		};
		095E0AF72424B44D00B3BC87 /* View */ = {
			isa = PBXGroup;
			children = (
				095E0AF82424B46600B3BC87 /* DLUserSettingHeader.swift */,
				095E0AFA2424B4D700B3BC87 /* DLUserSettingHeader.xib */,
				095E0AFC2424CB6900B3BC87 /* DLUserSettingCell.swift */,
			);
			path = View;
			sourceTree = "<group>";
		};
		09804F6B23FA762100559862 /* HTTPAPI */ = {
			isa = PBXGroup;
			children = (
				09804F6C23FA762100559862 /* RSHttpConfig.swift */,
				09804F6D23FA762100559862 /* RSResult.swift */,
				09804F7123FA762100559862 /* RSHttpError.swift */,
				09804F7223FA762100559862 /* RSSessionManager.swift */,
				09804F7323FA762100559862 /* RSResponese.swift */,
				09804F8523FA762100559862 /* RSHttpOptions.swift */,
				09804F8623FA762100559862 /* RSHTTPRequestProtocol.swift */,
				09804F7423FA762100559862 /* Request */,
			);
			path = HTTPAPI;
			sourceTree = "<group>";
		};
		09804F7423FA762100559862 /* Request */ = {
			isa = PBXGroup;
			children = (
				09804FB923FCFF4900559862 /* RSBaseRequest.swift */,
				09804F8223FA762100559862 /* RSRequestUser.swift */,
				09804FBB23FD002800559862 /* RSRequestTaskGroup.swift */,
				09A8039423FD71A400F81D89 /* RSRequestTask.swift */,
			);
			path = Request;
			sourceTree = "<group>";
		};
		09804FA923FCFB7600559862 /* TaskGroup */ = {
			isa = PBXGroup;
			children = (
				09804FAC23FCFD5B00559862 /* View */,
				09804FAA23FCFBA200559862 /* DLTaskGroupViewController.swift */,
				09A17F1B23FD373A00EE199B /* DLTaskAddViewController.swift */,
				09A17F1C23FD373A00EE199B /* DLTaskAddViewController.xib */,
			);
			path = TaskGroup;
			sourceTree = "<group>";
		};
		09804FAC23FCFD5B00559862 /* View */ = {
			isa = PBXGroup;
			children = (
				09804FB123FCFDF100559862 /* DLTaskGroupCell.swift */,
				09804FB223FCFDF100559862 /* DLTaskGroupCell.xib */,
				095B6ADB242323E000CA22EF /* DLTaskGroupNavigationBar.swift */,
			);
			path = View;
			sourceTree = "<group>";
		};
		09804FBD23FD037A00559862 /* Manager */ = {
			isa = PBXGroup;
			children = (
				09804FA523FA971A00559862 /* DLUserManager.swift */,
				09804FBE23FD038900559862 /* DLTaskManager.swift */,
				095E0AFE242C5CFA00B3BC87 /* DLUploaderManager.swift */,
			);
			path = Manager;
			sourceTree = "<group>";
		};
		09804FC423FD2BF400559862 /* Task */ = {
			isa = PBXGroup;
			children = (
				09C67DE5240526DF00A76DAB /* Conditions */,
				09DC869C23FE87710013B012 /* Detail */,
				09DC869B23FE87670013B012 /* List */,
			);
			path = Task;
			sourceTree = "<group>";
		};
		0990134A23577F3600285128 /* Model */ = {
			isa = PBXGroup;
			children = (
				09804FA323FA787600559862 /* User.swift */,
				09804FB723FCFED200559862 /* TaskGroup.swift */,
				09804FB523FCFEAC00559862 /* Task.swift */,
			);
			path = Model;
			sourceTree = "<group>";
		};
		0990134B23577F3E00285128 /* Busniness */ = {
			isa = PBXGroup;
			children = (
				09532CD623BDFADE00AE0E73 /* Extension */,
				09804FC423FD2BF400559862 /* Task */,
				09804FA923FCFB7600559862 /* TaskGroup */,
				0990135A235780D200285128 /* Circle */,
				099013512357807200285128 /* TodoList */,
				099013502357806000285128 /* User */,
				0990134F2357803500285128 /* Other */,
			);
			path = Busniness;
			sourceTree = "<group>";
		};
		0990134C23577F4B00285128 /* Resource */ = {
			isa = PBXGroup;
			children = (
				09F50B4723576D4C006201E0 /* Assets.xcassets */,
				095E0B04243C9B6500B3BC87 /* Launch Screen.storyboard */,
			);
			path = Resource;
			sourceTree = "<group>";
		};
		0990134D23577F5C00285128 /* Helper */ = {
			isa = PBXGroup;
			children = (
				09A17F1F23FD3C8C00EE199B /* CustomPresentationController.swift */,
				09804FBD23FD037A00559862 /* Manager */,
				09804F6B23FA762100559862 /* HTTPAPI */,
				09804FA123FA772700559862 /* AppConstants.swift */,
				09804FA723FA985200559862 /* DLUtil.swift */,
			);
			path = Helper;
			sourceTree = "<group>";
		};
		0990134E23577F6D00285128 /* UIComponent */ = {
			isa = PBXGroup;
			children = (
				09C67DE12404F34A00A76DAB /* RSTextView.swift */,
			);
			path = UIComponent;
			sourceTree = "<group>";
		};
		0990134F2357803500285128 /* Other */ = {
			isa = PBXGroup;
			children = (
				09532CCD23BDCE7400AE0E73 /* Login */,
				099013532357808600285128 /* Navbar */,
				099013522357808100285128 /* Tabbar */,
			);
			path = Other;
			sourceTree = "<group>";
		};
		099013502357806000285128 /* User */ = {
			isa = PBXGroup;
			children = (
				095B6ADF2423380000CA22EF /* Setting */,
			);
			path = User;
			sourceTree = "<group>";
		};
		099013512357807200285128 /* TodoList */ = {
			isa = PBXGroup;
			children = (
				0990135F2357828500285128 /* Home */,
			);
			path = TodoList;
			sourceTree = "<group>";
		};
		099013522357808100285128 /* Tabbar */ = {
			isa = PBXGroup;
			children = (
				09901355235780B100285128 /* DLTabbarViewController.swift */,
			);
			path = Tabbar;
			sourceTree = "<group>";
		};
		099013532357808600285128 /* Navbar */ = {
			isa = PBXGroup;
			children = (
				09901362235782F600285128 /* DLNavigationController.swift */,
				0954083E2418D5CA0056EB1D /* DLPresentNavigationViewController.swift */,
			);
			path = Navbar;
			sourceTree = "<group>";
		};
		0990135A235780D200285128 /* Circle */ = {
			isa = PBXGroup;
			children = (
				0990135C235780FD00285128 /* Home */,
			);
			path = Circle;
			sourceTree = "<group>";
		};
		0990135C235780FD00285128 /* Home */ = {
			isa = PBXGroup;
			children = (
				0990135D2357810E00285128 /* DLCircleHomeViewController.swift */,
			);
			path = Home;
			sourceTree = "<group>";
		};
		0990135F2357828500285128 /* Home */ = {
			isa = PBXGroup;
			children = (
				09901360235782B400285128 /* DLTODOListHomeViewController.swift */,
			);
			path = Home;
			sourceTree = "<group>";
		};
		09A8039823FD7FCA00F81D89 /* View */ = {
			isa = PBXGroup;
			children = (
				09A8039923FD7FE800F81D89 /* DLTaskCell.swift */,
				09A8039A23FD7FE800F81D89 /* DLTaskCell.xib */,
				09A8039D23FE4E0500F81D89 /* DLTaskAddHeaderView.swift */,
				09A8039F23FE4E0E00F81D89 /* DLTaskAddHeaderView.xib */,
				09A803A123FE618800F81D89 /* DLTaskCompletedDivisionHeaderView.swift */,
			);
			path = View;
			sourceTree = "<group>";
		};
		09C67DD923FEC6D900A76DAB /* View */ = {
			isa = PBXGroup;
			children = (
				096A1A1E2445A61300141167 /* DLTaskBaseCell.swift */,
				09C67DDF2404EFCD00A76DAB /* DLTaskNoteCell.swift */,
				09C67DE82407573700A76DAB /* DLTaskContactCell.swift */,
				09C67DE3240524A100A76DAB /* DLTaskDueDateCell.swift */,
				09C67DEA24075BC000A76DAB /* DLTaskRemindRepeatCell.swift */,
			);
			path = View;
			sourceTree = "<group>";
		};
		09C67DE5240526DF00A76DAB /* Conditions */ = {
			isa = PBXGroup;
			children = (
				09C67DE6240526FD00A76DAB /* DLTaskTimeSelectViewController.swift */,
				09C67DEC24075BED00A76DAB /* DLTaskContactSettingViewController.swift */,
				096A1A202447180E00141167 /* DLTaskNoteViewController.swift */,
			);
			path = Conditions;
			sourceTree = "<group>";
		};
		09DC869B23FE87670013B012 /* List */ = {
			isa = PBXGroup;
			children = (
				09A8039823FD7FCA00F81D89 /* View */,
				09A8039623FD7D1D00F81D89 /* DLTaskListViewController.swift */,
				0954083C241397DB0056EB1D /* DLTaskImortantListViewController.swift */,
			);
			path = List;
			sourceTree = "<group>";
		};
		09DC869C23FE87710013B012 /* Detail */ = {
			isa = PBXGroup;
			children = (
				09C67DD923FEC6D900A76DAB /* View */,
				09DC869D23FE878A0013B012 /* DLTaskDetailViewController.swift */,
			);
			path = Detail;
			sourceTree = "<group>";
		};
		09F50B3423576D4B006201E0 = {
			isa = PBXGroup;
			children = (
				09F50B3F23576D4C006201E0 /* DelayList */,
				09F50B3E23576D4C006201E0 /* Products */,
				69F8757D6B527B12E104D88E /* Pods */,
				8C493CA47B08956F064AD498 /* Frameworks */,
			);
			sourceTree = "<group>";
		};
		09F50B3E23576D4C006201E0 /* Products */ = {
			isa = PBXGroup;
			children = (
				09F50B3D23576D4C006201E0 /* DelayList.app */,
			);
			name = Products;
			sourceTree = "<group>";
		};
		09F50B3F23576D4C006201E0 /* DelayList */ = {
			isa = PBXGroup;
			children = (
				09C67DDA24039B4800A76DAB /* DelayList.entitlements */,
				0990134E23577F6D00285128 /* UIComponent */,
				0990134D23577F5C00285128 /* Helper */,
				0990134A23577F3600285128 /* Model */,
				0990134B23577F3E00285128 /* Busniness */,
				09F50B4023576D4C006201E0 /* AppDelegate.swift */,
				09F50B4C23576D4C006201E0 /* Info.plist */,
				0990134C23577F4B00285128 /* Resource */,
				09C67DDB2403B06600A76DAB /* DelayList-Bridging-Header.h */,
			);
			path = DelayList;
			sourceTree = "<group>";
		};
		69F8757D6B527B12E104D88E /* Pods */ = {
			isa = PBXGroup;
			children = (
				9178A5803C175A378E26B7C7 /* Pods-LazyList.debug.xcconfig */,
				5D8760ADD06D3283CF5238A2 /* Pods-LazyList.release.xcconfig */,
				BE92B67FBD17AC4CE427F673 /* Pods-DelayList.debug.xcconfig */,
				07BFD924D1717D77EA036B71 /* Pods-DelayList.release.xcconfig */,
			);
			path = Pods;
			sourceTree = "<group>";
		};
		8C493CA47B08956F064AD498 /* Frameworks */ = {
			isa = PBXGroup;
			children = (
				D3AD9932313F8A41C901CB38 /* Pods_DelayList.framework */,
			);
			name = Frameworks;
			sourceTree = "<group>";
		};
/* End PBXGroup section */

/* Begin PBXNativeTarget section */
		09F50B3C23576D4B006201E0 /* DelayList */ = {
			isa = PBXNativeTarget;
			buildConfigurationList = 09F50B4F23576D4C006201E0 /* Build configuration list for PBXNativeTarget "DelayList" */;
			buildPhases = (
				D8029DE7A20441E902FDF195 /* [CP] Check Pods Manifest.lock */,
				09F50B3923576D4B006201E0 /* Sources */,
				09F50B3A23576D4B006201E0 /* Frameworks */,
				09F50B3B23576D4B006201E0 /* Resources */,
				24F1AE09A78EC365F4E8821C /* [CP] Embed Pods Frameworks */,
			);
			buildRules = (
			);
			dependencies = (
			);
			name = DelayList;
			productName = LazyList;
			productReference = 09F50B3D23576D4C006201E0 /* DelayList.app */;
			productType = "com.apple.product-type.application";
		};
/* End PBXNativeTarget section */

/* Begin PBXProject section */
		09F50B3523576D4B006201E0 /* Project object */ = {
			isa = PBXProject;
			attributes = {
				CLASSPREFIX = DL;
				LastSwiftUpdateCheck = 1030;
				LastUpgradeCheck = 1030;
				ORGANIZATIONNAME = weeds;
				TargetAttributes = {
					09F50B3C23576D4B006201E0 = {
						CreatedOnToolsVersion = 10.3;
						LastSwiftMigration = 1130;
					};
				};
			};
			buildConfigurationList = 09F50B3823576D4B006201E0 /* Build configuration list for PBXProject "DelayList" */;
			compatibilityVersion = "Xcode 9.3";
			developmentRegion = en;
			hasScannedForEncodings = 0;
			knownRegions = (
				en,
				Base,
			);
			mainGroup = 09F50B3423576D4B006201E0;
			productRefGroup = 09F50B3E23576D4C006201E0 /* Products */;
			projectDirPath = "";
			projectRoot = "";
			targets = (
				09F50B3C23576D4B006201E0 /* DelayList */,
			);
		};
/* End PBXProject section */

/* Begin PBXResourcesBuildPhase section */
		09F50B3B23576D4B006201E0 /* Resources */ = {
			isa = PBXResourcesBuildPhase;
			buildActionMask = 2147483647;
			files = (
				09A8039C23FD7FE800F81D89 /* DLTaskCell.xib in Resources */,
				09532CD223BDCEAC00AE0E73 /* DLLoginViewController.xib in Resources */,
				095E0B05243C9B6500B3BC87 /* Launch Screen.storyboard in Resources */,
				09A803A023FE4E0E00F81D89 /* DLTaskAddHeaderView.xib in Resources */,
				09F50B4823576D4C006201E0 /* Assets.xcassets in Resources */,
				095E0AFB2424B4D700B3BC87 /* DLUserSettingHeader.xib in Resources */,
				09804FB423FCFDF100559862 /* DLTaskGroupCell.xib in Resources */,
				09A17F1E23FD373A00EE199B /* DLTaskAddViewController.xib in Resources */,
			);
			runOnlyForDeploymentPostprocessing = 0;
		};
/* End PBXResourcesBuildPhase section */

/* Begin PBXShellScriptBuildPhase section */
		24F1AE09A78EC365F4E8821C /* [CP] Embed Pods Frameworks */ = {
			isa = PBXShellScriptBuildPhase;
			buildActionMask = 2147483647;
			files = (
			);
			inputFileListPaths = (
				"${PODS_ROOT}/Target Support Files/Pods-DelayList/Pods-DelayList-frameworks-${CONFIGURATION}-input-files.xcfilelist",
			);
			name = "[CP] Embed Pods Frameworks";
			outputFileListPaths = (
				"${PODS_ROOT}/Target Support Files/Pods-DelayList/Pods-DelayList-frameworks-${CONFIGURATION}-output-files.xcfilelist",
			);
			runOnlyForDeploymentPostprocessing = 0;
			shellPath = /bin/sh;
			shellScript = "\"${PODS_ROOT}/Target Support Files/Pods-DelayList/Pods-DelayList-frameworks.sh\"\n";
			showEnvVarsInLog = 0;
		};
		D8029DE7A20441E902FDF195 /* [CP] Check Pods Manifest.lock */ = {
			isa = PBXShellScriptBuildPhase;
			buildActionMask = 2147483647;
			files = (
			);
			inputFileListPaths = (
			);
			inputPaths = (
				"${PODS_PODFILE_DIR_PATH}/Podfile.lock",
				"${PODS_ROOT}/Manifest.lock",
			);
			name = "[CP] Check Pods Manifest.lock";
			outputFileListPaths = (
			);
			outputPaths = (
				"$(DERIVED_FILE_DIR)/Pods-DelayList-checkManifestLockResult.txt",
			);
			runOnlyForDeploymentPostprocessing = 0;
			shellPath = /bin/sh;
			shellScript = "diff \"${PODS_PODFILE_DIR_PATH}/Podfile.lock\" \"${PODS_ROOT}/Manifest.lock\" > /dev/null\nif [ $? != 0 ] ; then\n    # print error to STDERR\n    echo \"error: The sandbox is not in sync with the Podfile.lock. Run 'pod install' or update your CocoaPods installation.\" >&2\n    exit 1\nfi\n# This output is used by Xcode 'outputs' to avoid re-running this script phase.\necho \"SUCCESS\" > \"${SCRIPT_OUTPUT_FILE_0}\"\n";
			showEnvVarsInLog = 0;
		};
/* End PBXShellScriptBuildPhase section */

/* Begin PBXSourcesBuildPhase section */
		09F50B3923576D4B006201E0 /* Sources */ = {
			isa = PBXSourcesBuildPhase;
			buildActionMask = 2147483647;
			files = (
				09DC869E23FE878A0013B012 /* DLTaskDetailViewController.swift in Sources */,
				09804FA823FA985200559862 /* DLUtil.swift in Sources */,
				09804FBC23FD002800559862 /* RSRequestTaskGroup.swift in Sources */,
				09804FBF23FD038900559862 /* DLTaskManager.swift in Sources */,
				095E0AFF242C5CFA00B3BC87 /* DLUploaderManager.swift in Sources */,
				096A1A1F2445A61300141167 /* DLTaskBaseCell.swift in Sources */,
				095B6ADE2423377900CA22EF /* DLUserSettingViewController.swift in Sources */,
				09804FB323FCFDF100559862 /* DLTaskGroupCell.swift in Sources */,
				09532CD123BDCEAC00AE0E73 /* DLLoginViewController.swift in Sources */,
				09C67DE4240524A100A76DAB /* DLTaskDueDateCell.swift in Sources */,
				09804FA623FA971A00559862 /* DLUserManager.swift in Sources */,
				09804F8B23FA762100559862 /* RSHttpError.swift in Sources */,
				09804FA223FA772700559862 /* AppConstants.swift in Sources */,
				09901356235780B100285128 /* DLTabbarViewController.swift in Sources */,
				095E0B03243C8A9200B3BC87 /* DLAboutViewController.swift in Sources */,
				09901363235782F600285128 /* DLNavigationController.swift in Sources */,
				09804F8D23FA762100559862 /* RSResponese.swift in Sources */,
				0954083D241397DB0056EB1D /* DLTaskImortantListViewController.swift in Sources */,
				095E0AFD2424CB6900B3BC87 /* DLUserSettingCell.swift in Sources */,
				09C67DE22404F34A00A76DAB /* RSTextView.swift in Sources */,
				09532CD823BDFAFA00AE0E73 /* UIKit+Extension.swift in Sources */,
				09F50B4123576D4C006201E0 /* AppDelegate.swift in Sources */,
				09C67DE7240526FD00A76DAB /* DLTaskTimeSelectViewController.swift in Sources */,
				09A8039523FD71A400F81D89 /* RSRequestTask.swift in Sources */,
				09A8039B23FD7FE800F81D89 /* DLTaskCell.swift in Sources */,
				09804FA423FA787600559862 /* User.swift in Sources */,
				0954083F2418D5CA0056EB1D /* DLPresentNavigationViewController.swift in Sources */,
				09A803A223FE618800F81D89 /* DLTaskCompletedDivisionHeaderView.swift in Sources */,
				095E0AF92424B46600B3BC87 /* DLUserSettingHeader.swift in Sources */,
				09804FAB23FCFBA200559862 /* DLTaskGroupViewController.swift in Sources */,
				09A17F1D23FD373A00EE199B /* DLTaskAddViewController.swift in Sources */,
				09804FBA23FCFF4900559862 /* RSBaseRequest.swift in Sources */,
				0990135E2357810E00285128 /* DLCircleHomeViewController.swift in Sources */,
				09804FB823FCFED200559862 /* TaskGroup.swift in Sources */,
				09901361235782B400285128 /* DLTODOListHomeViewController.swift in Sources */,
				095E0B01243C6BFB00B3BC87 /* DLContactUsViewController.swift in Sources */,
				09804F8823FA762100559862 /* RSResult.swift in Sources */,
				09804FB623FCFEAC00559862 /* Task.swift in Sources */,
				09A8039723FD7D1D00F81D89 /* DLTaskListViewController.swift in Sources */,
				096A1A212447180E00141167 /* DLTaskNoteViewController.swift in Sources */,
				09804F9B23FA762100559862 /* RSRequestUser.swift in Sources */,
				09A8039E23FE4E0500F81D89 /* DLTaskAddHeaderView.swift in Sources */,
				09804F9F23FA762100559862 /* RSHTTPRequestProtocol.swift in Sources */,
				09804F9E23FA762100559862 /* RSHttpOptions.swift in Sources */,
				0983FA6F24B66974003DD93A /* Notification+Extension.swift in Sources */,
				095B6ADC242323E000CA22EF /* DLTaskGroupNavigationBar.swift in Sources */,
				09C67DEB24075BC000A76DAB /* DLTaskRemindRepeatCell.swift in Sources */,
				09804F8723FA762100559862 /* RSHttpConfig.swift in Sources */,
				09C67DED24075BED00A76DAB /* DLTaskContactSettingViewController.swift in Sources */,
				09804F8C23FA762100559862 /* RSSessionManager.swift in Sources */,
				09C67DE02404EFCD00A76DAB /* DLTaskNoteCell.swift in Sources */,
				09C67DE92407573700A76DAB /* DLTaskContactCell.swift in Sources */,
				09A17F2023FD3C8C00EE199B /* CustomPresentationController.swift in Sources */,
			);
			runOnlyForDeploymentPostprocessing = 0;
		};
/* End PBXSourcesBuildPhase section */

/* Begin XCBuildConfiguration section */
		09F50B4D23576D4C006201E0 /* Debug */ = {
			isa = XCBuildConfiguration;
			buildSettings = {
				ALWAYS_SEARCH_USER_PATHS = NO;
				CLANG_ANALYZER_NONNULL = YES;
				CLANG_ANALYZER_NUMBER_OBJECT_CONVERSION = YES_AGGRESSIVE;
				CLANG_CXX_LANGUAGE_STANDARD = "gnu++14";
				CLANG_CXX_LIBRARY = "libc++";
				CLANG_ENABLE_MODULES = YES;
				CLANG_ENABLE_OBJC_ARC = YES;
				CLANG_ENABLE_OBJC_WEAK = YES;
				CLANG_WARN_BLOCK_CAPTURE_AUTORELEASING = YES;
				CLANG_WARN_BOOL_CONVERSION = YES;
				CLANG_WARN_COMMA = YES;
				CLANG_WARN_CONSTANT_CONVERSION = YES;
				CLANG_WARN_DEPRECATED_OBJC_IMPLEMENTATIONS = YES;
				CLANG_WARN_DIRECT_OBJC_ISA_USAGE = YES_ERROR;
				CLANG_WARN_DOCUMENTATION_COMMENTS = YES;
				CLANG_WARN_EMPTY_BODY = YES;
				CLANG_WARN_ENUM_CONVERSION = YES;
				CLANG_WARN_INFINITE_RECURSION = YES;
				CLANG_WARN_INT_CONVERSION = YES;
				CLANG_WARN_NON_LITERAL_NULL_CONVERSION = YES;
				CLANG_WARN_OBJC_IMPLICIT_RETAIN_SELF = YES;
				CLANG_WARN_OBJC_LITERAL_CONVERSION = YES;
				CLANG_WARN_OBJC_ROOT_CLASS = YES_ERROR;
				CLANG_WARN_RANGE_LOOP_ANALYSIS = YES;
				CLANG_WARN_STRICT_PROTOTYPES = YES;
				CLANG_WARN_SUSPICIOUS_MOVE = YES;
				CLANG_WARN_UNGUARDED_AVAILABILITY = YES_AGGRESSIVE;
				CLANG_WARN_UNREACHABLE_CODE = YES;
				CLANG_WARN__DUPLICATE_METHOD_MATCH = YES;
				CODE_SIGN_IDENTITY = "iPhone Developer";
				COPY_PHASE_STRIP = NO;
				DEBUG_INFORMATION_FORMAT = dwarf;
				ENABLE_STRICT_OBJC_MSGSEND = YES;
				ENABLE_TESTABILITY = YES;
				GCC_C_LANGUAGE_STANDARD = gnu11;
				GCC_DYNAMIC_NO_PIC = NO;
				GCC_NO_COMMON_BLOCKS = YES;
				GCC_OPTIMIZATION_LEVEL = 0;
				GCC_PREPROCESSOR_DEFINITIONS = (
					"DEBUG=1",
					"$(inherited)",
				);
				GCC_WARN_64_TO_32_BIT_CONVERSION = YES;
				GCC_WARN_ABOUT_RETURN_TYPE = YES_ERROR;
				GCC_WARN_UNDECLARED_SELECTOR = YES;
				GCC_WARN_UNINITIALIZED_AUTOS = YES_AGGRESSIVE;
				GCC_WARN_UNUSED_FUNCTION = YES;
				GCC_WARN_UNUSED_VARIABLE = YES;
				IPHONEOS_DEPLOYMENT_TARGET = 12.4;
				MTL_ENABLE_DEBUG_INFO = INCLUDE_SOURCE;
				MTL_FAST_MATH = YES;
				ONLY_ACTIVE_ARCH = YES;
				SDKROOT = iphoneos;
				SWIFT_ACTIVE_COMPILATION_CONDITIONS = DEBUG;
				SWIFT_OPTIMIZATION_LEVEL = "-Onone";
			};
			name = Debug;
		};
		09F50B4E23576D4C006201E0 /* Release */ = {
			isa = XCBuildConfiguration;
			buildSettings = {
				ALWAYS_SEARCH_USER_PATHS = NO;
				CLANG_ANALYZER_NONNULL = YES;
				CLANG_ANALYZER_NUMBER_OBJECT_CONVERSION = YES_AGGRESSIVE;
				CLANG_CXX_LANGUAGE_STANDARD = "gnu++14";
				CLANG_CXX_LIBRARY = "libc++";
				CLANG_ENABLE_MODULES = YES;
				CLANG_ENABLE_OBJC_ARC = YES;
				CLANG_ENABLE_OBJC_WEAK = YES;
				CLANG_WARN_BLOCK_CAPTURE_AUTORELEASING = YES;
				CLANG_WARN_BOOL_CONVERSION = YES;
				CLANG_WARN_COMMA = YES;
				CLANG_WARN_CONSTANT_CONVERSION = YES;
				CLANG_WARN_DEPRECATED_OBJC_IMPLEMENTATIONS = YES;
				CLANG_WARN_DIRECT_OBJC_ISA_USAGE = YES_ERROR;
				CLANG_WARN_DOCUMENTATION_COMMENTS = YES;
				CLANG_WARN_EMPTY_BODY = YES;
				CLANG_WARN_ENUM_CONVERSION = YES;
				CLANG_WARN_INFINITE_RECURSION = YES;
				CLANG_WARN_INT_CONVERSION = YES;
				CLANG_WARN_NON_LITERAL_NULL_CONVERSION = YES;
				CLANG_WARN_OBJC_IMPLICIT_RETAIN_SELF = YES;
				CLANG_WARN_OBJC_LITERAL_CONVERSION = YES;
				CLANG_WARN_OBJC_ROOT_CLASS = YES_ERROR;
				CLANG_WARN_RANGE_LOOP_ANALYSIS = YES;
				CLANG_WARN_STRICT_PROTOTYPES = YES;
				CLANG_WARN_SUSPICIOUS_MOVE = YES;
				CLANG_WARN_UNGUARDED_AVAILABILITY = YES_AGGRESSIVE;
				CLANG_WARN_UNREACHABLE_CODE = YES;
				CLANG_WARN__DUPLICATE_METHOD_MATCH = YES;
				CODE_SIGN_IDENTITY = "iPhone Developer";
				COPY_PHASE_STRIP = NO;
				DEBUG_INFORMATION_FORMAT = "dwarf-with-dsym";
				ENABLE_NS_ASSERTIONS = NO;
				ENABLE_STRICT_OBJC_MSGSEND = YES;
				GCC_C_LANGUAGE_STANDARD = gnu11;
				GCC_NO_COMMON_BLOCKS = YES;
				GCC_WARN_64_TO_32_BIT_CONVERSION = YES;
				GCC_WARN_ABOUT_RETURN_TYPE = YES_ERROR;
				GCC_WARN_UNDECLARED_SELECTOR = YES;
				GCC_WARN_UNINITIALIZED_AUTOS = YES_AGGRESSIVE;
				GCC_WARN_UNUSED_FUNCTION = YES;
				GCC_WARN_UNUSED_VARIABLE = YES;
				IPHONEOS_DEPLOYMENT_TARGET = 12.4;
				MTL_ENABLE_DEBUG_INFO = NO;
				MTL_FAST_MATH = YES;
				SDKROOT = iphoneos;
				SWIFT_COMPILATION_MODE = wholemodule;
				SWIFT_OPTIMIZATION_LEVEL = "-O";
				VALIDATE_PRODUCT = YES;
			};
			name = Release;
		};
		09F50B5023576D4C006201E0 /* Debug */ = {
			isa = XCBuildConfiguration;
			baseConfigurationReference = BE92B67FBD17AC4CE427F673 /* Pods-DelayList.debug.xcconfig */;
			buildSettings = {
				ASSETCATALOG_COMPILER_APPICON_NAME = AppIcon;
				CLANG_ENABLE_MODULES = YES;
				CODE_SIGN_ENTITLEMENTS = DelayList/DelayList.entitlements;
				CODE_SIGN_STYLE = Automatic;
				DEVELOPMENT_TEAM = CRUD2B3C45;
				INFOPLIST_FILE = "$(SRCROOT)/DelayList/Info.plist";
				IPHONEOS_DEPLOYMENT_TARGET = 10.0;
				LD_RUNPATH_SEARCH_PATHS = (
					"$(inherited)",
					"@executable_path/Frameworks",
				);
				PRODUCT_BUNDLE_IDENTIFIER = com.mt.DelayList;
				PRODUCT_NAME = DelayList;
				SWIFT_OBJC_BRIDGING_HEADER = "DelayList/DelayList-Bridging-Header.h";
				SWIFT_OPTIMIZATION_LEVEL = "-Onone";
				SWIFT_VERSION = 5.0;
				TARGETED_DEVICE_FAMILY = "1,2";
			};
			name = Debug;
		};
		09F50B5123576D4C006201E0 /* Release */ = {
			isa = XCBuildConfiguration;
			baseConfigurationReference = 07BFD924D1717D77EA036B71 /* Pods-DelayList.release.xcconfig */;
			buildSettings = {
				ASSETCATALOG_COMPILER_APPICON_NAME = AppIcon;
				CLANG_ENABLE_MODULES = YES;
				CODE_SIGN_ENTITLEMENTS = DelayList/DelayList.entitlements;
				CODE_SIGN_STYLE = Automatic;
				DEVELOPMENT_TEAM = CRUD2B3C45;
				INFOPLIST_FILE = "$(SRCROOT)/DelayList/Info.plist";
				IPHONEOS_DEPLOYMENT_TARGET = 10.0;
				LD_RUNPATH_SEARCH_PATHS = (
					"$(inherited)",
					"@executable_path/Frameworks",
				);
				PRODUCT_BUNDLE_IDENTIFIER = com.mt.DelayList;
				PRODUCT_NAME = DelayList;
				SWIFT_OBJC_BRIDGING_HEADER = "DelayList/DelayList-Bridging-Header.h";
				SWIFT_VERSION = 5.0;
				TARGETED_DEVICE_FAMILY = "1,2";
			};
			name = Release;
		};
/* End XCBuildConfiguration section */

/* Begin XCConfigurationList section */
		09F50B3823576D4B006201E0 /* Build configuration list for PBXProject "DelayList" */ = {
			isa = XCConfigurationList;
			buildConfigurations = (
				09F50B4D23576D4C006201E0 /* Debug */,
				09F50B4E23576D4C006201E0 /* Release */,
			);
			defaultConfigurationIsVisible = 0;
			defaultConfigurationName = Release;
		};
		09F50B4F23576D4C006201E0 /* Build configuration list for PBXNativeTarget "DelayList" */ = {
			isa = XCConfigurationList;
			buildConfigurations = (
				09F50B5023576D4C006201E0 /* Debug */,
				09F50B5123576D4C006201E0 /* Release */,
			);
			defaultConfigurationIsVisible = 0;
			defaultConfigurationName = Release;
		};
/* End XCConfigurationList section */
	};
	rootObject = 09F50B3523576D4B006201E0 /* Project object */;
}
